// !$*UTF8*$!
{
	archiveVersion = 1;
	classes = {
	};
	objectVersion = 46;
	objects = {

/* Begin PBXAggregateTarget section */
		"SwiftlierUIKit::SwiftlierUIKitPackageTests::ProductTarget" /* SwiftlierUIKitPackageTests */ = {
			isa = PBXAggregateTarget;
			buildConfigurationList = OBJ_308 /* Build configuration list for PBXAggregateTarget "SwiftlierUIKitPackageTests" */;
			buildPhases = (
			);
			dependencies = (
				OBJ_311 /* PBXTargetDependency */,
			);
			name = SwiftlierUIKitPackageTests;
			productName = SwiftlierUIKitPackageTests;
		};
/* End PBXAggregateTarget section */

/* Begin PBXBuildFile section */
		OBJ_169 /* Coding+Helpers.swift in Sources */ = {isa = PBXBuildFile; fileRef = OBJ_83 /* Coding+Helpers.swift */; };
		OBJ_170 /* CodingKeys.swift in Sources */ = {isa = PBXBuildFile; fileRef = OBJ_84 /* CodingKeys.swift */; };
		OBJ_171 /* NativeTypesDecoder.swift in Sources */ = {isa = PBXBuildFile; fileRef = OBJ_85 /* NativeTypesDecoder.swift */; };
		OBJ_172 /* NativeTypesEncoder.swift in Sources */ = {isa = PBXBuildFile; fileRef = OBJ_86 /* NativeTypesEncoder.swift */; };
		OBJ_173 /* PercentEncodable.swift in Sources */ = {isa = PBXBuildFile; fileRef = OBJ_87 /* PercentEncodable.swift */; };
		OBJ_174 /* SpecDecoder.swift in Sources */ = {isa = PBXBuildFile; fileRef = OBJ_88 /* SpecDecoder.swift */; };
		OBJ_175 /* Collection+Enhancments.swift in Sources */ = {isa = PBXBuildFile; fileRef = OBJ_90 /* Collection+Enhancments.swift */; };
		OBJ_176 /* Data+Processing.swift in Sources */ = {isa = PBXBuildFile; fileRef = OBJ_91 /* Data+Processing.swift */; };
		OBJ_177 /* Date+Helpers.swift in Sources */ = {isa = PBXBuildFile; fileRef = OBJ_92 /* Date+Helpers.swift */; };
		OBJ_178 /* DispatchQueue+Enhancements.swift in Sources */ = {isa = PBXBuildFile; fileRef = OBJ_93 /* DispatchQueue+Enhancements.swift */; };
		OBJ_179 /* String+Enhancements.swift in Sources */ = {isa = PBXBuildFile; fileRef = OBJ_94 /* String+Enhancements.swift */; };
		OBJ_180 /* URL+Enhancements.swift in Sources */ = {isa = PBXBuildFile; fileRef = OBJ_95 /* URL+Enhancements.swift */; };
		OBJ_181 /* AnySwiftlierError.swift in Sources */ = {isa = PBXBuildFile; fileRef = OBJ_97 /* AnySwiftlierError.swift */; };
		OBJ_182 /* GenericSwiftlierError.swift in Sources */ = {isa = PBXBuildFile; fileRef = OBJ_98 /* GenericSwiftlierError.swift */; };
		OBJ_183 /* OperationBasedError.swift in Sources */ = {isa = PBXBuildFile; fileRef = OBJ_99 /* OperationBasedError.swift */; };
		OBJ_184 /* OtherSwiftlierError.swift in Sources */ = {isa = PBXBuildFile; fileRef = OBJ_100 /* OtherSwiftlierError.swift */; };
		OBJ_185 /* SwiftlierError.swift in Sources */ = {isa = PBXBuildFile; fileRef = OBJ_101 /* SwiftlierError.swift */; };
		OBJ_186 /* SwiftlierResult.swift in Sources */ = {isa = PBXBuildFile; fileRef = OBJ_102 /* SwiftlierResult.swift */; };
		OBJ_187 /* FileSystem+iOSDirectories.swift in Sources */ = {isa = PBXBuildFile; fileRef = OBJ_104 /* FileSystem+iOSDirectories.swift */; };
		OBJ_188 /* FileSystem.swift in Sources */ = {isa = PBXBuildFile; fileRef = OBJ_105 /* FileSystem.swift */; };
		OBJ_189 /* Path+Coding.swift in Sources */ = {isa = PBXBuildFile; fileRef = OBJ_106 /* Path+Coding.swift */; };
		OBJ_190 /* Path.swift in Sources */ = {isa = PBXBuildFile; fileRef = OBJ_107 /* Path.swift */; };
		OBJ_191 /* PersistenceService.swift in Sources */ = {isa = PBXBuildFile; fileRef = OBJ_108 /* PersistenceService.swift */; };
		OBJ_192 /* ReferenceTypePersistenceService.swift in Sources */ = {isa = PBXBuildFile; fileRef = OBJ_109 /* ReferenceTypePersistenceService.swift */; };
		OBJ_193 /* ValueTypePersistenceService.swift in Sources */ = {isa = PBXBuildFile; fileRef = OBJ_110 /* ValueTypePersistenceService.swift */; };
		OBJ_194 /* Bool+Formatting.swift in Sources */ = {isa = PBXBuildFile; fileRef = OBJ_112 /* Bool+Formatting.swift */; };
		OBJ_195 /* Data+Base64.swift in Sources */ = {isa = PBXBuildFile; fileRef = OBJ_113 /* Data+Base64.swift */; };
		OBJ_196 /* Date+Formatting.swift in Sources */ = {isa = PBXBuildFile; fileRef = OBJ_114 /* Date+Formatting.swift */; };
		OBJ_197 /* Double+Formatting.swift in Sources */ = {isa = PBXBuildFile; fileRef = OBJ_115 /* Double+Formatting.swift */; };
		OBJ_198 /* HeartRateFormatter.swift in Sources */ = {isa = PBXBuildFile; fileRef = OBJ_116 /* HeartRateFormatter.swift */; };
		OBJ_199 /* TimeInterval+Formatting.swift in Sources */ = {isa = PBXBuildFile; fileRef = OBJ_117 /* TimeInterval+Formatting.swift */; };
		OBJ_200 /* BinarySearchTree.swift in Sources */ = {isa = PBXBuildFile; fileRef = OBJ_120 /* BinarySearchTree.swift */; };
		OBJ_201 /* LimitedQueue.swift in Sources */ = {isa = PBXBuildFile; fileRef = OBJ_121 /* LimitedQueue.swift */; };
		OBJ_202 /* OrderedDictionary.swift in Sources */ = {isa = PBXBuildFile; fileRef = OBJ_122 /* OrderedDictionary.swift */; };
		OBJ_203 /* PatchyRange.swift in Sources */ = {isa = PBXBuildFile; fileRef = OBJ_123 /* PatchyRange.swift */; };
		OBJ_204 /* SelectableValue.swift in Sources */ = {isa = PBXBuildFile; fileRef = OBJ_124 /* SelectableValue.swift */; };
		OBJ_205 /* Syncable.swift in Sources */ = {isa = PBXBuildFile; fileRef = OBJ_125 /* Syncable.swift */; };
		OBJ_206 /* WeakWrapper.swift in Sources */ = {isa = PBXBuildFile; fileRef = OBJ_126 /* WeakWrapper.swift */; };
		OBJ_207 /* EventCenter.swift in Sources */ = {isa = PBXBuildFile; fileRef = OBJ_128 /* EventCenter.swift */; };
		OBJ_208 /* MultiCallback.swift in Sources */ = {isa = PBXBuildFile; fileRef = OBJ_129 /* MultiCallback.swift */; };
		OBJ_209 /* Observable.swift in Sources */ = {isa = PBXBuildFile; fileRef = OBJ_130 /* Observable.swift */; };
		OBJ_210 /* ObservableArray.swift in Sources */ = {isa = PBXBuildFile; fileRef = OBJ_131 /* ObservableArray.swift */; };
		OBJ_211 /* ObservableDictionary.swift in Sources */ = {isa = PBXBuildFile; fileRef = OBJ_132 /* ObservableDictionary.swift */; };
		OBJ_212 /* ObservableReference.swift in Sources */ = {isa = PBXBuildFile; fileRef = OBJ_133 /* ObservableReference.swift */; };
		OBJ_213 /* JSON.swift in Sources */ = {isa = PBXBuildFile; fileRef = OBJ_135 /* JSON.swift */; };
		OBJ_214 /* NativeTypesStructured.swift in Sources */ = {isa = PBXBuildFile; fileRef = OBJ_136 /* NativeTypesStructured.swift */; };
		OBJ_215 /* Structured.swift in Sources */ = {isa = PBXBuildFile; fileRef = OBJ_137 /* Structured.swift */; };
		OBJ_216 /* XML.swift in Sources */ = {isa = PBXBuildFile; fileRef = OBJ_138 /* XML.swift */; };
		OBJ_217 /* Age.swift in Sources */ = {isa = PBXBuildFile; fileRef = OBJ_140 /* Age.swift */; };
		OBJ_218 /* AlwaysEqual.swift in Sources */ = {isa = PBXBuildFile; fileRef = OBJ_141 /* AlwaysEqual.swift */; };
		OBJ_219 /* Angle.swift in Sources */ = {isa = PBXBuildFile; fileRef = OBJ_142 /* Angle.swift */; };
		OBJ_220 /* Day.swift in Sources */ = {isa = PBXBuildFile; fileRef = OBJ_143 /* Day.swift */; };
		OBJ_221 /* EmailAddress.swift in Sources */ = {isa = PBXBuildFile; fileRef = OBJ_144 /* EmailAddress.swift */; };
		OBJ_222 /* HTML.swift in Sources */ = {isa = PBXBuildFile; fileRef = OBJ_145 /* HTML.swift */; };
		OBJ_223 /* Mass.swift in Sources */ = {isa = PBXBuildFile; fileRef = OBJ_146 /* Mass.swift */; };
		OBJ_224 /* Price.swift in Sources */ = {isa = PBXBuildFile; fileRef = OBJ_147 /* Price.swift */; };
		OBJ_225 /* UniquelyIdentifiable.swift in Sources */ = {isa = PBXBuildFile; fileRef = OBJ_148 /* UniquelyIdentifiable.swift */; };
		OBJ_226 /* CSVStreamReader.swift in Sources */ = {isa = PBXBuildFile; fileRef = OBJ_150 /* CSVStreamReader.swift */; };
		OBJ_227 /* DelimiterStreamReader.swift in Sources */ = {isa = PBXBuildFile; fileRef = OBJ_151 /* DelimiterStreamReader.swift */; };
		OBJ_228 /* StreamReader.swift in Sources */ = {isa = PBXBuildFile; fileRef = OBJ_152 /* StreamReader.swift */; };
		OBJ_229 /* Date+Testable.swift in Sources */ = {isa = PBXBuildFile; fileRef = OBJ_154 /* Date+Testable.swift */; };
		OBJ_230 /* URLSession+Testing.swift in Sources */ = {isa = PBXBuildFile; fileRef = OBJ_155 /* URLSession+Testing.swift */; };
		OBJ_237 /* Package.swift in Sources */ = {isa = PBXBuildFile; fileRef = OBJ_80 /* Package.swift */; };
		OBJ_243 /* Alert.swift in Sources */ = {isa = PBXBuildFile; fileRef = OBJ_10 /* Alert.swift */; };
		OBJ_244 /* DataSourceType.swift in Sources */ = {isa = PBXBuildFile; fileRef = OBJ_11 /* DataSourceType.swift */; };
		OBJ_245 /* DatePickerViewController.swift in Sources */ = {isa = PBXBuildFile; fileRef = OBJ_12 /* DatePickerViewController.swift */; };
		OBJ_246 /* FormViewController.swift in Sources */ = {isa = PBXBuildFile; fileRef = OBJ_13 /* FormViewController.swift */; };
		OBJ_247 /* KeyboardConstraintAdjuster.swift in Sources */ = {isa = PBXBuildFile; fileRef = OBJ_14 /* KeyboardConstraintAdjuster.swift */; };
		OBJ_248 /* KeyboardTracker.swift in Sources */ = {isa = PBXBuildFile; fileRef = OBJ_15 /* KeyboardTracker.swift */; };
		OBJ_249 /* LayeredTableViewController.swift in Sources */ = {isa = PBXBuildFile; fileRef = OBJ_16 /* LayeredTableViewController.swift */; };
		OBJ_250 /* LimitedSizeViewController.swift in Sources */ = {isa = PBXBuildFile; fileRef = OBJ_17 /* LimitedSizeViewController.swift */; };
		OBJ_251 /* MenuViewController.swift in Sources */ = {isa = PBXBuildFile; fileRef = OBJ_18 /* MenuViewController.swift */; };
		OBJ_252 /* SelectListViewController.swift in Sources */ = {isa = PBXBuildFile; fileRef = OBJ_19 /* SelectListViewController.swift */; };
		OBJ_253 /* TaskService.swift in Sources */ = {isa = PBXBuildFile; fileRef = OBJ_20 /* TaskService.swift */; };
		OBJ_254 /* UIBarButtonItem+BlockTarget.swift in Sources */ = {isa = PBXBuildFile; fileRef = OBJ_21 /* UIBarButtonItem+BlockTarget.swift */; };
		OBJ_255 /* UIButton+BlockTarget.swift in Sources */ = {isa = PBXBuildFile; fileRef = OBJ_22 /* UIButton+BlockTarget.swift */; };
		OBJ_256 /* UICollectionView+EasyRegister.swift in Sources */ = {isa = PBXBuildFile; fileRef = OBJ_23 /* UICollectionView+EasyRegister.swift */; };
		OBJ_257 /* UINavigationController+Helpers.swift in Sources */ = {isa = PBXBuildFile; fileRef = OBJ_24 /* UINavigationController+Helpers.swift */; };
		OBJ_258 /* UITableView+EasyRegister.swift in Sources */ = {isa = PBXBuildFile; fileRef = OBJ_25 /* UITableView+EasyRegister.swift */; };
		OBJ_259 /* UIViewController+Helpers.swift in Sources */ = {isa = PBXBuildFile; fileRef = OBJ_26 /* UIViewController+Helpers.swift */; };
		OBJ_260 /* UIViewController+PhotoViewing.swift in Sources */ = {isa = PBXBuildFile; fileRef = OBJ_27 /* UIViewController+PhotoViewing.swift */; };
		OBJ_261 /* UIViewController+Transitions.swift in Sources */ = {isa = PBXBuildFile; fileRef = OBJ_28 /* UIViewController+Transitions.swift */; };
		OBJ_262 /* WebViewController.swift in Sources */ = {isa = PBXBuildFile; fileRef = OBJ_29 /* WebViewController.swift */; };
		OBJ_263 /* ZoomThroughTransition.swift in Sources */ = {isa = PBXBuildFile; fileRef = OBJ_30 /* ZoomThroughTransition.swift */; };
		OBJ_264 /* Date+DispatchTime.swift in Sources */ = {isa = PBXBuildFile; fileRef = OBJ_32 /* Date+DispatchTime.swift */; };
		OBJ_265 /* EnergyFormatting.swift in Sources */ = {isa = PBXBuildFile; fileRef = OBJ_33 /* EnergyFormatting.swift */; };
		OBJ_266 /* Float+Factory.swift in Sources */ = {isa = PBXBuildFile; fileRef = OBJ_34 /* Float+Factory.swift */; };
		OBJ_267 /* Form.swift in Sources */ = {isa = PBXBuildFile; fileRef = OBJ_35 /* Form.swift */; };
		OBJ_268 /* Menu.swift in Sources */ = {isa = PBXBuildFile; fileRef = OBJ_36 /* Menu.swift */; };
		OBJ_269 /* ObfuscatedData.swift in Sources */ = {isa = PBXBuildFile; fileRef = OBJ_37 /* ObfuscatedData.swift */; };
		OBJ_270 /* ObservableArray+UI.swift in Sources */ = {isa = PBXBuildFile; fileRef = OBJ_38 /* ObservableArray+UI.swift */; };
		OBJ_271 /* Path+Image.swift in Sources */ = {isa = PBXBuildFile; fileRef = OBJ_39 /* Path+Image.swift */; };
		OBJ_272 /* Transformation.swift in Sources */ = {isa = PBXBuildFile; fileRef = OBJ_40 /* Transformation.swift */; };
		OBJ_273 /* UIColor+Encodable.swift in Sources */ = {isa = PBXBuildFile; fileRef = OBJ_41 /* UIColor+Encodable.swift */; };
		OBJ_274 /* UIColor+Factory.swift in Sources */ = {isa = PBXBuildFile; fileRef = OBJ_42 /* UIColor+Factory.swift */; };
		OBJ_275 /* UIDevice+AppIdioms.swift in Sources */ = {isa = PBXBuildFile; fileRef = OBJ_43 /* UIDevice+AppIdioms.swift */; };
		OBJ_276 /* UIImage+Editing.swift in Sources */ = {isa = PBXBuildFile; fileRef = OBJ_44 /* UIImage+Editing.swift */; };
		OBJ_277 /* BubbleView.swift in Sources */ = {isa = PBXBuildFile; fileRef = OBJ_46 /* BubbleView.swift */; };
		OBJ_278 /* CGContext+ThreadSafe.swift in Sources */ = {isa = PBXBuildFile; fileRef = OBJ_47 /* CGContext+ThreadSafe.swift */; };
		OBJ_279 /* CGMath.swift in Sources */ = {isa = PBXBuildFile; fileRef = OBJ_48 /* CGMath.swift */; };
		OBJ_280 /* CircleBorderView.swift in Sources */ = {isa = PBXBuildFile; fileRef = OBJ_49 /* CircleBorderView.swift */; };
		OBJ_281 /* CustomGradientView.swift in Sources */ = {isa = PBXBuildFile; fileRef = OBJ_50 /* CustomGradientView.swift */; };
		OBJ_282 /* DiagonalGradientView.swift in Sources */ = {isa = PBXBuildFile; fileRef = OBJ_51 /* DiagonalGradientView.swift */; };
		OBJ_283 /* MonthAndYearPicker.swift in Sources */ = {isa = PBXBuildFile; fileRef = OBJ_52 /* MonthAndYearPicker.swift */; };
		OBJ_284 /* NSLayoutConstraint+SwifPlusPlus.swift in Sources */ = {isa = PBXBuildFile; fileRef = OBJ_53 /* NSLayoutConstraint+SwifPlusPlus.swift */; };
		OBJ_285 /* NSLayoutContraint+Factory.swift in Sources */ = {isa = PBXBuildFile; fileRef = OBJ_54 /* NSLayoutContraint+Factory.swift */; };
		OBJ_286 /* PassThroughTouchView.swift in Sources */ = {isa = PBXBuildFile; fileRef = OBJ_55 /* PassThroughTouchView.swift */; };
		OBJ_287 /* PlaceholderTextView.swift in Sources */ = {isa = PBXBuildFile; fileRef = OBJ_56 /* PlaceholderTextView.swift */; };
		OBJ_288 /* RoundedBorderButton.swift in Sources */ = {isa = PBXBuildFile; fileRef = OBJ_57 /* RoundedBorderButton.swift */; };
		OBJ_289 /* RoundedBorderView.swift in Sources */ = {isa = PBXBuildFile; fileRef = OBJ_58 /* RoundedBorderView.swift */; };
		OBJ_290 /* SectionHeaderWithButtonView.swift in Sources */ = {isa = PBXBuildFile; fileRef = OBJ_59 /* SectionHeaderWithButtonView.swift */; };
		OBJ_291 /* ShadowView.swift in Sources */ = {isa = PBXBuildFile; fileRef = OBJ_60 /* ShadowView.swift */; };
		OBJ_292 /* ThinLayoutConstraint.swift in Sources */ = {isa = PBXBuildFile; fileRef = OBJ_61 /* ThinLayoutConstraint.swift */; };
		OBJ_293 /* UIView+Animations.swift in Sources */ = {isa = PBXBuildFile; fileRef = OBJ_62 /* UIView+Animations.swift */; };
		OBJ_294 /* UIView+Constraints.swift in Sources */ = {isa = PBXBuildFile; fileRef = OBJ_63 /* UIView+Constraints.swift */; };
		OBJ_295 /* UIView+Drawing.swift in Sources */ = {isa = PBXBuildFile; fileRef = OBJ_64 /* UIView+Drawing.swift */; };
		OBJ_296 /* UIView+Helpers.swift in Sources */ = {isa = PBXBuildFile; fileRef = OBJ_65 /* UIView+Helpers.swift */; };
		OBJ_297 /* UIView+ImageCapture.swift in Sources */ = {isa = PBXBuildFile; fileRef = OBJ_66 /* UIView+ImageCapture.swift */; };
		OBJ_298 /* UIView+Layout.swift in Sources */ = {isa = PBXBuildFile; fileRef = OBJ_67 /* UIView+Layout.swift */; };
		OBJ_299 /* VerticalGradientView.swift in Sources */ = {isa = PBXBuildFile; fileRef = OBJ_68 /* VerticalGradientView.swift */; };
		OBJ_306 /* Package.swift in Sources */ = {isa = PBXBuildFile; fileRef = OBJ_6 /* Package.swift */; };
		OBJ_317 /* AlertTests.swift in Sources */ = {isa = PBXBuildFile; fileRef = OBJ_71 /* AlertTests.swift */; };
		OBJ_318 /* CGMathTests.swift in Sources */ = {isa = PBXBuildFile; fileRef = OBJ_72 /* CGMathTests.swift */; };
		OBJ_319 /* ColorTests.swift in Sources */ = {isa = PBXBuildFile; fileRef = OBJ_73 /* ColorTests.swift */; };
		OBJ_320 /* DataSourceTypeTests.swift in Sources */ = {isa = PBXBuildFile; fileRef = OBJ_74 /* DataSourceTypeTests.swift */; };
		OBJ_321 /* ObfuscatedDataTests.swift in Sources */ = {isa = PBXBuildFile; fileRef = OBJ_75 /* ObfuscatedDataTests.swift */; };
		OBJ_322 /* Path_ImageTests.swift in Sources */ = {isa = PBXBuildFile; fileRef = OBJ_76 /* Path_ImageTests.swift */; };
		OBJ_323 /* UIView_ConstraintsTests.swift in Sources */ = {isa = PBXBuildFile; fileRef = OBJ_77 /* UIView_ConstraintsTests.swift */; };
		OBJ_325 /* Swiftlier.framework in Frameworks */ = {isa = PBXBuildFile; fileRef = "Swiftlier::Swiftlier::Product" /* Swiftlier.framework */; };
/* End PBXBuildFile section */

/* Begin PBXContainerItemProxy section */
		499584722308CC5F008CC429 /* PBXContainerItemProxy */ = {
			isa = PBXContainerItemProxy;
			containerPortal = OBJ_1 /* Project object */;
			proxyType = 1;
			remoteGlobalIDString = "Swiftlier::Swiftlier";
			remoteInfo = Swiftlier;
		};
		499584732308E72F008CC429 /* PBXContainerItemProxy */ = {
			isa = PBXContainerItemProxy;
			containerPortal = OBJ_1 /* Project object */;
			proxyType = 1;
			remoteGlobalIDString = "SwiftlierUIKit::SwiftlierUIKitTests";
			remoteInfo = SwiftlierUIKitTests;
		};
/* End PBXContainerItemProxy section */

/* Begin PBXFileReference section */
		OBJ_10 /* Alert.swift */ = {isa = PBXFileReference; lastKnownFileType = sourcecode.swift; path = Alert.swift; sourceTree = "<group>"; };
		OBJ_100 /* OtherSwiftlierError.swift */ = {isa = PBXFileReference; lastKnownFileType = sourcecode.swift; path = OtherSwiftlierError.swift; sourceTree = "<group>"; };
		OBJ_101 /* SwiftlierError.swift */ = {isa = PBXFileReference; lastKnownFileType = sourcecode.swift; path = SwiftlierError.swift; sourceTree = "<group>"; };
		OBJ_102 /* SwiftlierResult.swift */ = {isa = PBXFileReference; lastKnownFileType = sourcecode.swift; path = SwiftlierResult.swift; sourceTree = "<group>"; };
		OBJ_104 /* FileSystem+iOSDirectories.swift */ = {isa = PBXFileReference; lastKnownFileType = sourcecode.swift; path = "FileSystem+iOSDirectories.swift"; sourceTree = "<group>"; };
		OBJ_105 /* FileSystem.swift */ = {isa = PBXFileReference; lastKnownFileType = sourcecode.swift; path = FileSystem.swift; sourceTree = "<group>"; };
		OBJ_106 /* Path+Coding.swift */ = {isa = PBXFileReference; lastKnownFileType = sourcecode.swift; path = "Path+Coding.swift"; sourceTree = "<group>"; };
		OBJ_107 /* Path.swift */ = {isa = PBXFileReference; lastKnownFileType = sourcecode.swift; path = Path.swift; sourceTree = "<group>"; };
		OBJ_108 /* PersistenceService.swift */ = {isa = PBXFileReference; lastKnownFileType = sourcecode.swift; path = PersistenceService.swift; sourceTree = "<group>"; };
		OBJ_109 /* ReferenceTypePersistenceService.swift */ = {isa = PBXFileReference; lastKnownFileType = sourcecode.swift; path = ReferenceTypePersistenceService.swift; sourceTree = "<group>"; };
		OBJ_11 /* DataSourceType.swift */ = {isa = PBXFileReference; lastKnownFileType = sourcecode.swift; path = DataSourceType.swift; sourceTree = "<group>"; };
		OBJ_110 /* ValueTypePersistenceService.swift */ = {isa = PBXFileReference; lastKnownFileType = sourcecode.swift; path = ValueTypePersistenceService.swift; sourceTree = "<group>"; };
		OBJ_112 /* Bool+Formatting.swift */ = {isa = PBXFileReference; lastKnownFileType = sourcecode.swift; path = "Bool+Formatting.swift"; sourceTree = "<group>"; };
		OBJ_113 /* Data+Base64.swift */ = {isa = PBXFileReference; lastKnownFileType = sourcecode.swift; path = "Data+Base64.swift"; sourceTree = "<group>"; };
		OBJ_114 /* Date+Formatting.swift */ = {isa = PBXFileReference; lastKnownFileType = sourcecode.swift; path = "Date+Formatting.swift"; sourceTree = "<group>"; };
		OBJ_115 /* Double+Formatting.swift */ = {isa = PBXFileReference; lastKnownFileType = sourcecode.swift; path = "Double+Formatting.swift"; sourceTree = "<group>"; };
		OBJ_116 /* HeartRateFormatter.swift */ = {isa = PBXFileReference; lastKnownFileType = sourcecode.swift; path = HeartRateFormatter.swift; sourceTree = "<group>"; };
		OBJ_117 /* TimeInterval+Formatting.swift */ = {isa = PBXFileReference; lastKnownFileType = sourcecode.swift; path = "TimeInterval+Formatting.swift"; sourceTree = "<group>"; };
		OBJ_12 /* DatePickerViewController.swift */ = {isa = PBXFileReference; lastKnownFileType = sourcecode.swift; path = DatePickerViewController.swift; sourceTree = "<group>"; };
		OBJ_120 /* BinarySearchTree.swift */ = {isa = PBXFileReference; lastKnownFileType = sourcecode.swift; path = BinarySearchTree.swift; sourceTree = "<group>"; };
		OBJ_121 /* LimitedQueue.swift */ = {isa = PBXFileReference; lastKnownFileType = sourcecode.swift; path = LimitedQueue.swift; sourceTree = "<group>"; };
		OBJ_122 /* OrderedDictionary.swift */ = {isa = PBXFileReference; lastKnownFileType = sourcecode.swift; path = OrderedDictionary.swift; sourceTree = "<group>"; };
		OBJ_123 /* PatchyRange.swift */ = {isa = PBXFileReference; lastKnownFileType = sourcecode.swift; path = PatchyRange.swift; sourceTree = "<group>"; };
		OBJ_124 /* SelectableValue.swift */ = {isa = PBXFileReference; lastKnownFileType = sourcecode.swift; path = SelectableValue.swift; sourceTree = "<group>"; };
		OBJ_125 /* Syncable.swift */ = {isa = PBXFileReference; lastKnownFileType = sourcecode.swift; path = Syncable.swift; sourceTree = "<group>"; };
		OBJ_126 /* WeakWrapper.swift */ = {isa = PBXFileReference; lastKnownFileType = sourcecode.swift; path = WeakWrapper.swift; sourceTree = "<group>"; };
		OBJ_128 /* EventCenter.swift */ = {isa = PBXFileReference; lastKnownFileType = sourcecode.swift; path = EventCenter.swift; sourceTree = "<group>"; };
		OBJ_129 /* MultiCallback.swift */ = {isa = PBXFileReference; lastKnownFileType = sourcecode.swift; path = MultiCallback.swift; sourceTree = "<group>"; };
		OBJ_13 /* FormViewController.swift */ = {isa = PBXFileReference; lastKnownFileType = sourcecode.swift; path = FormViewController.swift; sourceTree = "<group>"; };
		OBJ_130 /* Observable.swift */ = {isa = PBXFileReference; lastKnownFileType = sourcecode.swift; path = Observable.swift; sourceTree = "<group>"; };
		OBJ_131 /* ObservableArray.swift */ = {isa = PBXFileReference; lastKnownFileType = sourcecode.swift; path = ObservableArray.swift; sourceTree = "<group>"; };
		OBJ_132 /* ObservableDictionary.swift */ = {isa = PBXFileReference; lastKnownFileType = sourcecode.swift; path = ObservableDictionary.swift; sourceTree = "<group>"; };
		OBJ_133 /* ObservableReference.swift */ = {isa = PBXFileReference; lastKnownFileType = sourcecode.swift; path = ObservableReference.swift; sourceTree = "<group>"; };
		OBJ_135 /* JSON.swift */ = {isa = PBXFileReference; lastKnownFileType = sourcecode.swift; path = JSON.swift; sourceTree = "<group>"; };
		OBJ_136 /* NativeTypesStructured.swift */ = {isa = PBXFileReference; lastKnownFileType = sourcecode.swift; path = NativeTypesStructured.swift; sourceTree = "<group>"; };
		OBJ_137 /* Structured.swift */ = {isa = PBXFileReference; lastKnownFileType = sourcecode.swift; path = Structured.swift; sourceTree = "<group>"; };
		OBJ_138 /* XML.swift */ = {isa = PBXFileReference; lastKnownFileType = sourcecode.swift; path = XML.swift; sourceTree = "<group>"; };
		OBJ_14 /* KeyboardConstraintAdjuster.swift */ = {isa = PBXFileReference; lastKnownFileType = sourcecode.swift; path = KeyboardConstraintAdjuster.swift; sourceTree = "<group>"; };
		OBJ_140 /* Age.swift */ = {isa = PBXFileReference; lastKnownFileType = sourcecode.swift; path = Age.swift; sourceTree = "<group>"; };
		OBJ_141 /* AlwaysEqual.swift */ = {isa = PBXFileReference; lastKnownFileType = sourcecode.swift; path = AlwaysEqual.swift; sourceTree = "<group>"; };
		OBJ_142 /* Angle.swift */ = {isa = PBXFileReference; lastKnownFileType = sourcecode.swift; path = Angle.swift; sourceTree = "<group>"; };
		OBJ_143 /* Day.swift */ = {isa = PBXFileReference; lastKnownFileType = sourcecode.swift; path = Day.swift; sourceTree = "<group>"; };
		OBJ_144 /* EmailAddress.swift */ = {isa = PBXFileReference; lastKnownFileType = sourcecode.swift; path = EmailAddress.swift; sourceTree = "<group>"; };
		OBJ_145 /* HTML.swift */ = {isa = PBXFileReference; lastKnownFileType = sourcecode.swift; path = HTML.swift; sourceTree = "<group>"; };
		OBJ_146 /* Mass.swift */ = {isa = PBXFileReference; lastKnownFileType = sourcecode.swift; path = Mass.swift; sourceTree = "<group>"; };
		OBJ_147 /* Price.swift */ = {isa = PBXFileReference; lastKnownFileType = sourcecode.swift; path = Price.swift; sourceTree = "<group>"; };
		OBJ_148 /* UniquelyIdentifiable.swift */ = {isa = PBXFileReference; lastKnownFileType = sourcecode.swift; path = UniquelyIdentifiable.swift; sourceTree = "<group>"; };
		OBJ_15 /* KeyboardTracker.swift */ = {isa = PBXFileReference; lastKnownFileType = sourcecode.swift; path = KeyboardTracker.swift; sourceTree = "<group>"; };
		OBJ_150 /* CSVStreamReader.swift */ = {isa = PBXFileReference; lastKnownFileType = sourcecode.swift; path = CSVStreamReader.swift; sourceTree = "<group>"; };
		OBJ_151 /* DelimiterStreamReader.swift */ = {isa = PBXFileReference; lastKnownFileType = sourcecode.swift; path = DelimiterStreamReader.swift; sourceTree = "<group>"; };
		OBJ_152 /* StreamReader.swift */ = {isa = PBXFileReference; lastKnownFileType = sourcecode.swift; path = StreamReader.swift; sourceTree = "<group>"; };
		OBJ_154 /* Date+Testable.swift */ = {isa = PBXFileReference; lastKnownFileType = sourcecode.swift; path = "Date+Testable.swift"; sourceTree = "<group>"; };
		OBJ_155 /* URLSession+Testing.swift */ = {isa = PBXFileReference; lastKnownFileType = sourcecode.swift; path = "URLSession+Testing.swift"; sourceTree = "<group>"; };
		OBJ_16 /* LayeredTableViewController.swift */ = {isa = PBXFileReference; lastKnownFileType = sourcecode.swift; path = LayeredTableViewController.swift; sourceTree = "<group>"; };
		OBJ_160 /* Assets */ = {isa = PBXFileReference; lastKnownFileType = folder; path = Assets; sourceTree = SOURCE_ROOT; };
		OBJ_161 /* LICENSE */ = {isa = PBXFileReference; lastKnownFileType = text; path = LICENSE; sourceTree = "<group>"; };
		OBJ_162 /* azure-pipelines.yml */ = {isa = PBXFileReference; lastKnownFileType = text; path = "azure-pipelines.yml"; sourceTree = "<group>"; };
		OBJ_163 /* README.md */ = {isa = PBXFileReference; lastKnownFileType = net.daringfireball.markdown; path = README.md; sourceTree = "<group>"; };
		OBJ_17 /* LimitedSizeViewController.swift */ = {isa = PBXFileReference; lastKnownFileType = sourcecode.swift; path = LimitedSizeViewController.swift; sourceTree = "<group>"; };
		OBJ_18 /* MenuViewController.swift */ = {isa = PBXFileReference; lastKnownFileType = sourcecode.swift; path = MenuViewController.swift; sourceTree = "<group>"; };
		OBJ_19 /* SelectListViewController.swift */ = {isa = PBXFileReference; lastKnownFileType = sourcecode.swift; path = SelectListViewController.swift; sourceTree = "<group>"; };
		OBJ_20 /* TaskService.swift */ = {isa = PBXFileReference; lastKnownFileType = sourcecode.swift; path = TaskService.swift; sourceTree = "<group>"; };
		OBJ_21 /* UIBarButtonItem+BlockTarget.swift */ = {isa = PBXFileReference; lastKnownFileType = sourcecode.swift; path = "UIBarButtonItem+BlockTarget.swift"; sourceTree = "<group>"; };
		OBJ_22 /* UIButton+BlockTarget.swift */ = {isa = PBXFileReference; lastKnownFileType = sourcecode.swift; path = "UIButton+BlockTarget.swift"; sourceTree = "<group>"; };
		OBJ_23 /* UICollectionView+EasyRegister.swift */ = {isa = PBXFileReference; lastKnownFileType = sourcecode.swift; path = "UICollectionView+EasyRegister.swift"; sourceTree = "<group>"; };
		OBJ_24 /* UINavigationController+Helpers.swift */ = {isa = PBXFileReference; lastKnownFileType = sourcecode.swift; path = "UINavigationController+Helpers.swift"; sourceTree = "<group>"; };
		OBJ_25 /* UITableView+EasyRegister.swift */ = {isa = PBXFileReference; lastKnownFileType = sourcecode.swift; path = "UITableView+EasyRegister.swift"; sourceTree = "<group>"; };
		OBJ_26 /* UIViewController+Helpers.swift */ = {isa = PBXFileReference; lastKnownFileType = sourcecode.swift; path = "UIViewController+Helpers.swift"; sourceTree = "<group>"; };
		OBJ_27 /* UIViewController+PhotoViewing.swift */ = {isa = PBXFileReference; lastKnownFileType = sourcecode.swift; path = "UIViewController+PhotoViewing.swift"; sourceTree = "<group>"; };
		OBJ_28 /* UIViewController+Transitions.swift */ = {isa = PBXFileReference; lastKnownFileType = sourcecode.swift; path = "UIViewController+Transitions.swift"; sourceTree = "<group>"; };
		OBJ_29 /* WebViewController.swift */ = {isa = PBXFileReference; lastKnownFileType = sourcecode.swift; path = WebViewController.swift; sourceTree = "<group>"; };
		OBJ_30 /* ZoomThroughTransition.swift */ = {isa = PBXFileReference; lastKnownFileType = sourcecode.swift; path = ZoomThroughTransition.swift; sourceTree = "<group>"; };
		OBJ_32 /* Date+DispatchTime.swift */ = {isa = PBXFileReference; lastKnownFileType = sourcecode.swift; path = "Date+DispatchTime.swift"; sourceTree = "<group>"; };
		OBJ_33 /* EnergyFormatting.swift */ = {isa = PBXFileReference; lastKnownFileType = sourcecode.swift; path = EnergyFormatting.swift; sourceTree = "<group>"; };
		OBJ_34 /* Float+Factory.swift */ = {isa = PBXFileReference; lastKnownFileType = sourcecode.swift; path = "Float+Factory.swift"; sourceTree = "<group>"; };
		OBJ_35 /* Form.swift */ = {isa = PBXFileReference; lastKnownFileType = sourcecode.swift; path = Form.swift; sourceTree = "<group>"; };
		OBJ_36 /* Menu.swift */ = {isa = PBXFileReference; lastKnownFileType = sourcecode.swift; path = Menu.swift; sourceTree = "<group>"; };
		OBJ_37 /* ObfuscatedData.swift */ = {isa = PBXFileReference; lastKnownFileType = sourcecode.swift; path = ObfuscatedData.swift; sourceTree = "<group>"; };
		OBJ_38 /* ObservableArray+UI.swift */ = {isa = PBXFileReference; lastKnownFileType = sourcecode.swift; path = "ObservableArray+UI.swift"; sourceTree = "<group>"; };
		OBJ_39 /* Path+Image.swift */ = {isa = PBXFileReference; lastKnownFileType = sourcecode.swift; path = "Path+Image.swift"; sourceTree = "<group>"; };
		OBJ_40 /* Transformation.swift */ = {isa = PBXFileReference; lastKnownFileType = sourcecode.swift; path = Transformation.swift; sourceTree = "<group>"; };
		OBJ_41 /* UIColor+Encodable.swift */ = {isa = PBXFileReference; lastKnownFileType = sourcecode.swift; path = "UIColor+Encodable.swift"; sourceTree = "<group>"; };
		OBJ_42 /* UIColor+Factory.swift */ = {isa = PBXFileReference; lastKnownFileType = sourcecode.swift; path = "UIColor+Factory.swift"; sourceTree = "<group>"; };
		OBJ_43 /* UIDevice+AppIdioms.swift */ = {isa = PBXFileReference; lastKnownFileType = sourcecode.swift; path = "UIDevice+AppIdioms.swift"; sourceTree = "<group>"; };
		OBJ_44 /* UIImage+Editing.swift */ = {isa = PBXFileReference; lastKnownFileType = sourcecode.swift; path = "UIImage+Editing.swift"; sourceTree = "<group>"; };
		OBJ_46 /* BubbleView.swift */ = {isa = PBXFileReference; lastKnownFileType = sourcecode.swift; path = BubbleView.swift; sourceTree = "<group>"; };
		OBJ_47 /* CGContext+ThreadSafe.swift */ = {isa = PBXFileReference; lastKnownFileType = sourcecode.swift; path = "CGContext+ThreadSafe.swift"; sourceTree = "<group>"; };
		OBJ_48 /* CGMath.swift */ = {isa = PBXFileReference; lastKnownFileType = sourcecode.swift; path = CGMath.swift; sourceTree = "<group>"; };
		OBJ_49 /* CircleBorderView.swift */ = {isa = PBXFileReference; lastKnownFileType = sourcecode.swift; path = CircleBorderView.swift; sourceTree = "<group>"; };
		OBJ_50 /* CustomGradientView.swift */ = {isa = PBXFileReference; lastKnownFileType = sourcecode.swift; path = CustomGradientView.swift; sourceTree = "<group>"; };
		OBJ_51 /* DiagonalGradientView.swift */ = {isa = PBXFileReference; lastKnownFileType = sourcecode.swift; path = DiagonalGradientView.swift; sourceTree = "<group>"; };
		OBJ_52 /* MonthAndYearPicker.swift */ = {isa = PBXFileReference; lastKnownFileType = sourcecode.swift; path = MonthAndYearPicker.swift; sourceTree = "<group>"; };
		OBJ_53 /* NSLayoutConstraint+SwifPlusPlus.swift */ = {isa = PBXFileReference; lastKnownFileType = sourcecode.swift; path = "NSLayoutConstraint+SwifPlusPlus.swift"; sourceTree = "<group>"; };
		OBJ_54 /* NSLayoutContraint+Factory.swift */ = {isa = PBXFileReference; lastKnownFileType = sourcecode.swift; path = "NSLayoutContraint+Factory.swift"; sourceTree = "<group>"; };
		OBJ_55 /* PassThroughTouchView.swift */ = {isa = PBXFileReference; lastKnownFileType = sourcecode.swift; path = PassThroughTouchView.swift; sourceTree = "<group>"; };
		OBJ_56 /* PlaceholderTextView.swift */ = {isa = PBXFileReference; lastKnownFileType = sourcecode.swift; path = PlaceholderTextView.swift; sourceTree = "<group>"; };
		OBJ_57 /* RoundedBorderButton.swift */ = {isa = PBXFileReference; lastKnownFileType = sourcecode.swift; path = RoundedBorderButton.swift; sourceTree = "<group>"; };
		OBJ_58 /* RoundedBorderView.swift */ = {isa = PBXFileReference; lastKnownFileType = sourcecode.swift; path = RoundedBorderView.swift; sourceTree = "<group>"; };
		OBJ_59 /* SectionHeaderWithButtonView.swift */ = {isa = PBXFileReference; lastKnownFileType = sourcecode.swift; path = SectionHeaderWithButtonView.swift; sourceTree = "<group>"; };
		OBJ_6 /* Package.swift */ = {isa = PBXFileReference; explicitFileType = sourcecode.swift; path = Package.swift; sourceTree = "<group>"; };
		OBJ_60 /* ShadowView.swift */ = {isa = PBXFileReference; lastKnownFileType = sourcecode.swift; path = ShadowView.swift; sourceTree = "<group>"; };
		OBJ_61 /* ThinLayoutConstraint.swift */ = {isa = PBXFileReference; lastKnownFileType = sourcecode.swift; path = ThinLayoutConstraint.swift; sourceTree = "<group>"; };
		OBJ_62 /* UIView+Animations.swift */ = {isa = PBXFileReference; lastKnownFileType = sourcecode.swift; path = "UIView+Animations.swift"; sourceTree = "<group>"; };
		OBJ_63 /* UIView+Constraints.swift */ = {isa = PBXFileReference; lastKnownFileType = sourcecode.swift; path = "UIView+Constraints.swift"; sourceTree = "<group>"; };
		OBJ_64 /* UIView+Drawing.swift */ = {isa = PBXFileReference; lastKnownFileType = sourcecode.swift; path = "UIView+Drawing.swift"; sourceTree = "<group>"; };
		OBJ_65 /* UIView+Helpers.swift */ = {isa = PBXFileReference; lastKnownFileType = sourcecode.swift; path = "UIView+Helpers.swift"; sourceTree = "<group>"; };
		OBJ_66 /* UIView+ImageCapture.swift */ = {isa = PBXFileReference; lastKnownFileType = sourcecode.swift; path = "UIView+ImageCapture.swift"; sourceTree = "<group>"; };
		OBJ_67 /* UIView+Layout.swift */ = {isa = PBXFileReference; lastKnownFileType = sourcecode.swift; path = "UIView+Layout.swift"; sourceTree = "<group>"; };
		OBJ_68 /* VerticalGradientView.swift */ = {isa = PBXFileReference; lastKnownFileType = sourcecode.swift; path = VerticalGradientView.swift; sourceTree = "<group>"; };
		OBJ_71 /* AlertTests.swift */ = {isa = PBXFileReference; lastKnownFileType = sourcecode.swift; path = AlertTests.swift; sourceTree = "<group>"; };
		OBJ_72 /* CGMathTests.swift */ = {isa = PBXFileReference; lastKnownFileType = sourcecode.swift; path = CGMathTests.swift; sourceTree = "<group>"; };
		OBJ_73 /* ColorTests.swift */ = {isa = PBXFileReference; lastKnownFileType = sourcecode.swift; path = ColorTests.swift; sourceTree = "<group>"; };
		OBJ_74 /* DataSourceTypeTests.swift */ = {isa = PBXFileReference; lastKnownFileType = sourcecode.swift; path = DataSourceTypeTests.swift; sourceTree = "<group>"; };
		OBJ_75 /* ObfuscatedDataTests.swift */ = {isa = PBXFileReference; lastKnownFileType = sourcecode.swift; path = ObfuscatedDataTests.swift; sourceTree = "<group>"; };
		OBJ_76 /* Path_ImageTests.swift */ = {isa = PBXFileReference; lastKnownFileType = sourcecode.swift; path = Path_ImageTests.swift; sourceTree = "<group>"; };
		OBJ_77 /* UIView_ConstraintsTests.swift */ = {isa = PBXFileReference; lastKnownFileType = sourcecode.swift; path = UIView_ConstraintsTests.swift; sourceTree = "<group>"; };
		OBJ_80 /* Package.swift */ = {isa = PBXFileReference; explicitFileType = sourcecode.swift; name = Package.swift; path = "/Users/andrew/git/learn-brigade/ed-suite/ios/SwiftlierUIKit/.build/checkouts/Swiftlier/Package.swift"; sourceTree = "<group>"; };
		OBJ_83 /* Coding+Helpers.swift */ = {isa = PBXFileReference; lastKnownFileType = sourcecode.swift; path = "Coding+Helpers.swift"; sourceTree = "<group>"; };
		OBJ_84 /* CodingKeys.swift */ = {isa = PBXFileReference; lastKnownFileType = sourcecode.swift; path = CodingKeys.swift; sourceTree = "<group>"; };
		OBJ_85 /* NativeTypesDecoder.swift */ = {isa = PBXFileReference; lastKnownFileType = sourcecode.swift; path = NativeTypesDecoder.swift; sourceTree = "<group>"; };
		OBJ_86 /* NativeTypesEncoder.swift */ = {isa = PBXFileReference; lastKnownFileType = sourcecode.swift; path = NativeTypesEncoder.swift; sourceTree = "<group>"; };
		OBJ_87 /* PercentEncodable.swift */ = {isa = PBXFileReference; lastKnownFileType = sourcecode.swift; path = PercentEncodable.swift; sourceTree = "<group>"; };
		OBJ_88 /* SpecDecoder.swift */ = {isa = PBXFileReference; lastKnownFileType = sourcecode.swift; path = SpecDecoder.swift; sourceTree = "<group>"; };
		OBJ_90 /* Collection+Enhancments.swift */ = {isa = PBXFileReference; lastKnownFileType = sourcecode.swift; path = "Collection+Enhancments.swift"; sourceTree = "<group>"; };
		OBJ_91 /* Data+Processing.swift */ = {isa = PBXFileReference; lastKnownFileType = sourcecode.swift; path = "Data+Processing.swift"; sourceTree = "<group>"; };
		OBJ_92 /* Date+Helpers.swift */ = {isa = PBXFileReference; lastKnownFileType = sourcecode.swift; path = "Date+Helpers.swift"; sourceTree = "<group>"; };
		OBJ_93 /* DispatchQueue+Enhancements.swift */ = {isa = PBXFileReference; lastKnownFileType = sourcecode.swift; path = "DispatchQueue+Enhancements.swift"; sourceTree = "<group>"; };
		OBJ_94 /* String+Enhancements.swift */ = {isa = PBXFileReference; lastKnownFileType = sourcecode.swift; path = "String+Enhancements.swift"; sourceTree = "<group>"; };
		OBJ_95 /* URL+Enhancements.swift */ = {isa = PBXFileReference; lastKnownFileType = sourcecode.swift; path = "URL+Enhancements.swift"; sourceTree = "<group>"; };
		OBJ_97 /* AnySwiftlierError.swift */ = {isa = PBXFileReference; lastKnownFileType = sourcecode.swift; path = AnySwiftlierError.swift; sourceTree = "<group>"; };
		OBJ_98 /* GenericSwiftlierError.swift */ = {isa = PBXFileReference; lastKnownFileType = sourcecode.swift; path = GenericSwiftlierError.swift; sourceTree = "<group>"; };
		OBJ_99 /* OperationBasedError.swift */ = {isa = PBXFileReference; lastKnownFileType = sourcecode.swift; path = OperationBasedError.swift; sourceTree = "<group>"; };
		"Swiftlier::Swiftlier::Product" /* Swiftlier.framework */ = {isa = PBXFileReference; lastKnownFileType = wrapper.framework; path = Swiftlier.framework; sourceTree = BUILT_PRODUCTS_DIR; };
		"SwiftlierUIKit::SwiftlierUIKit::Product" /* SwiftlierUIKit.framework */ = {isa = PBXFileReference; lastKnownFileType = wrapper.framework; path = SwiftlierUIKit.framework; sourceTree = BUILT_PRODUCTS_DIR; };
		"SwiftlierUIKit::SwiftlierUIKitTests::Product" /* SwiftlierUIKitTests.xctest */ = {isa = PBXFileReference; lastKnownFileType = file; path = SwiftlierUIKitTests.xctest; sourceTree = BUILT_PRODUCTS_DIR; };
/* End PBXFileReference section */

/* Begin PBXFrameworksBuildPhase section */
		OBJ_231 /* Frameworks */ = {
			isa = PBXFrameworksBuildPhase;
			buildActionMask = 0;
			files = (
			);
			runOnlyForDeploymentPostprocessing = 0;
		};
		OBJ_300 /* Frameworks */ = {
			isa = PBXFrameworksBuildPhase;
			buildActionMask = 0;
			files = (
			);
			runOnlyForDeploymentPostprocessing = 0;
		};
		OBJ_324 /* Frameworks */ = {
			isa = PBXFrameworksBuildPhase;
			buildActionMask = 0;
			files = (
				OBJ_325 /* Swiftlier.framework in Frameworks */,
			);
			runOnlyForDeploymentPostprocessing = 0;
		};
/* End PBXFrameworksBuildPhase section */

/* Begin PBXGroup section */
		OBJ_103 /* FileSystem */ = {
			isa = PBXGroup;
			children = (
				OBJ_104 /* FileSystem+iOSDirectories.swift */,
				OBJ_105 /* FileSystem.swift */,
				OBJ_106 /* Path+Coding.swift */,
				OBJ_107 /* Path.swift */,
				OBJ_108 /* PersistenceService.swift */,
				OBJ_109 /* ReferenceTypePersistenceService.swift */,
				OBJ_110 /* ValueTypePersistenceService.swift */,
			);
			path = FileSystem;
			sourceTree = "<group>";
		};
		OBJ_111 /* Formatting */ = {
			isa = PBXGroup;
			children = (
				OBJ_112 /* Bool+Formatting.swift */,
				OBJ_113 /* Data+Base64.swift */,
				OBJ_114 /* Date+Formatting.swift */,
				OBJ_115 /* Double+Formatting.swift */,
				OBJ_116 /* HeartRateFormatter.swift */,
				OBJ_117 /* TimeInterval+Formatting.swift */,
			);
			path = Formatting;
			sourceTree = "<group>";
		};
		OBJ_118 /* Model */ = {
			isa = PBXGroup;
			children = (
				OBJ_119 /* Containers */,
				OBJ_127 /* Observable */,
				OBJ_134 /* Structured */,
				OBJ_139 /* Types */,
			);
			path = Model;
			sourceTree = "<group>";
		};
		OBJ_119 /* Containers */ = {
			isa = PBXGroup;
			children = (
				OBJ_120 /* BinarySearchTree.swift */,
				OBJ_121 /* LimitedQueue.swift */,
				OBJ_122 /* OrderedDictionary.swift */,
				OBJ_123 /* PatchyRange.swift */,
				OBJ_124 /* SelectableValue.swift */,
				OBJ_125 /* Syncable.swift */,
				OBJ_126 /* WeakWrapper.swift */,
			);
			path = Containers;
			sourceTree = "<group>";
		};
		OBJ_127 /* Observable */ = {
			isa = PBXGroup;
			children = (
				OBJ_128 /* EventCenter.swift */,
				OBJ_129 /* MultiCallback.swift */,
				OBJ_130 /* Observable.swift */,
				OBJ_131 /* ObservableArray.swift */,
				OBJ_132 /* ObservableDictionary.swift */,
				OBJ_133 /* ObservableReference.swift */,
			);
			path = Observable;
			sourceTree = "<group>";
		};
		OBJ_134 /* Structured */ = {
			isa = PBXGroup;
			children = (
				OBJ_135 /* JSON.swift */,
				OBJ_136 /* NativeTypesStructured.swift */,
				OBJ_137 /* Structured.swift */,
				OBJ_138 /* XML.swift */,
			);
			path = Structured;
			sourceTree = "<group>";
		};
		OBJ_139 /* Types */ = {
			isa = PBXGroup;
			children = (
				OBJ_140 /* Age.swift */,
				OBJ_141 /* AlwaysEqual.swift */,
				OBJ_142 /* Angle.swift */,
				OBJ_143 /* Day.swift */,
				OBJ_144 /* EmailAddress.swift */,
				OBJ_145 /* HTML.swift */,
				OBJ_146 /* Mass.swift */,
				OBJ_147 /* Price.swift */,
				OBJ_148 /* UniquelyIdentifiable.swift */,
			);
			path = Types;
			sourceTree = "<group>";
		};
		OBJ_149 /* Streams */ = {
			isa = PBXGroup;
			children = (
				OBJ_150 /* CSVStreamReader.swift */,
				OBJ_151 /* DelimiterStreamReader.swift */,
				OBJ_152 /* StreamReader.swift */,
			);
			path = Streams;
			sourceTree = "<group>";
		};
		OBJ_153 /* Testing */ = {
			isa = PBXGroup;
			children = (
				OBJ_154 /* Date+Testable.swift */,
				OBJ_155 /* URLSession+Testing.swift */,
			);
			path = Testing;
			sourceTree = "<group>";
		};
		OBJ_156 /* Products */ = {
			isa = PBXGroup;
			children = (
				"SwiftlierUIKit::SwiftlierUIKitTests::Product" /* SwiftlierUIKitTests.xctest */,
				"Swiftlier::Swiftlier::Product" /* Swiftlier.framework */,
				"SwiftlierUIKit::SwiftlierUIKit::Product" /* SwiftlierUIKit.framework */,
			);
			name = Products;
			sourceTree = BUILT_PRODUCTS_DIR;
		};
		OBJ_31 /* Model */ = {
			isa = PBXGroup;
			children = (
				OBJ_32 /* Date+DispatchTime.swift */,
				OBJ_33 /* EnergyFormatting.swift */,
				OBJ_34 /* Float+Factory.swift */,
				OBJ_35 /* Form.swift */,
				OBJ_36 /* Menu.swift */,
				OBJ_37 /* ObfuscatedData.swift */,
				OBJ_38 /* ObservableArray+UI.swift */,
				OBJ_39 /* Path+Image.swift */,
				OBJ_40 /* Transformation.swift */,
				OBJ_41 /* UIColor+Encodable.swift */,
				OBJ_42 /* UIColor+Factory.swift */,
				OBJ_43 /* UIDevice+AppIdioms.swift */,
				OBJ_44 /* UIImage+Editing.swift */,
			);
			path = Model;
			sourceTree = "<group>";
		};
		OBJ_45 /* View */ = {
			isa = PBXGroup;
			children = (
				OBJ_46 /* BubbleView.swift */,
				OBJ_47 /* CGContext+ThreadSafe.swift */,
				OBJ_48 /* CGMath.swift */,
				OBJ_49 /* CircleBorderView.swift */,
				OBJ_50 /* CustomGradientView.swift */,
				OBJ_51 /* DiagonalGradientView.swift */,
				OBJ_52 /* MonthAndYearPicker.swift */,
				OBJ_53 /* NSLayoutConstraint+SwifPlusPlus.swift */,
				OBJ_54 /* NSLayoutContraint+Factory.swift */,
				OBJ_55 /* PassThroughTouchView.swift */,
				OBJ_56 /* PlaceholderTextView.swift */,
				OBJ_57 /* RoundedBorderButton.swift */,
				OBJ_58 /* RoundedBorderView.swift */,
				OBJ_59 /* SectionHeaderWithButtonView.swift */,
				OBJ_60 /* ShadowView.swift */,
				OBJ_61 /* ThinLayoutConstraint.swift */,
				OBJ_62 /* UIView+Animations.swift */,
				OBJ_63 /* UIView+Constraints.swift */,
				OBJ_64 /* UIView+Drawing.swift */,
				OBJ_65 /* UIView+Helpers.swift */,
				OBJ_66 /* UIView+ImageCapture.swift */,
				OBJ_67 /* UIView+Layout.swift */,
				OBJ_68 /* VerticalGradientView.swift */,
			);
			path = View;
			sourceTree = "<group>";
		};
		OBJ_5 /*  */ = {
			isa = PBXGroup;
			children = (
				OBJ_6 /* Package.swift */,
				OBJ_7 /* Sources */,
				OBJ_69 /* Tests */,
				OBJ_78 /* Dependencies */,
				OBJ_156 /* Products */,
				OBJ_160 /* Assets */,
				OBJ_161 /* LICENSE */,
				OBJ_162 /* azure-pipelines.yml */,
				OBJ_163 /* README.md */,
			);
			name = "";
			sourceTree = "<group>";
		};
		OBJ_69 /* Tests */ = {
			isa = PBXGroup;
			children = (
				OBJ_70 /* SwiftlierUIKitTests */,
			);
			name = Tests;
			sourceTree = SOURCE_ROOT;
		};
		OBJ_7 /* Sources */ = {
			isa = PBXGroup;
			children = (
				OBJ_8 /* SwiftlierUIKit */,
			);
			path = Sources;
			sourceTree = SOURCE_ROOT;
		};
		OBJ_70 /* SwiftlierUIKitTests */ = {
			isa = PBXGroup;
			children = (
				OBJ_71 /* AlertTests.swift */,
				OBJ_72 /* CGMathTests.swift */,
				OBJ_73 /* ColorTests.swift */,
				OBJ_74 /* DataSourceTypeTests.swift */,
				OBJ_75 /* ObfuscatedDataTests.swift */,
				OBJ_76 /* Path_ImageTests.swift */,
				OBJ_77 /* UIView_ConstraintsTests.swift */,
			);
			name = SwiftlierUIKitTests;
			path = Tests/SwiftlierUIKitTests;
			sourceTree = SOURCE_ROOT;
		};
		OBJ_78 /* Dependencies */ = {
			isa = PBXGroup;
			children = (
				OBJ_79 /* Swiftlier 5.6.1 */,
			);
			name = Dependencies;
			sourceTree = "<group>";
		};
		OBJ_79 /* Swiftlier 5.6.1 */ = {
			isa = PBXGroup;
			children = (
				OBJ_80 /* Package.swift */,
				OBJ_81 /* Swiftlier */,
			);
			name = "Swiftlier 5.6.1";
			path = .build/checkouts/Swiftlier/Sources;
			sourceTree = SOURCE_ROOT;
		};
		OBJ_8 /* SwiftlierUIKit */ = {
			isa = PBXGroup;
			children = (
				OBJ_9 /* Controller */,
				OBJ_31 /* Model */,
				OBJ_45 /* View */,
			);
			path = SwiftlierUIKit;
			sourceTree = "<group>";
		};
		OBJ_81 /* Swiftlier */ = {
			isa = PBXGroup;
			children = (
				OBJ_82 /* Coding */,
				OBJ_89 /* Enhancements */,
				OBJ_96 /* Errors */,
				OBJ_103 /* FileSystem */,
				OBJ_111 /* Formatting */,
				OBJ_118 /* Model */,
				OBJ_149 /* Streams */,
				OBJ_153 /* Testing */,
			);
			path = Swiftlier;
			sourceTree = "<group>";
		};
		OBJ_82 /* Coding */ = {
			isa = PBXGroup;
			children = (
				OBJ_83 /* Coding+Helpers.swift */,
				OBJ_84 /* CodingKeys.swift */,
				OBJ_85 /* NativeTypesDecoder.swift */,
				OBJ_86 /* NativeTypesEncoder.swift */,
				OBJ_87 /* PercentEncodable.swift */,
				OBJ_88 /* SpecDecoder.swift */,
			);
			path = Coding;
			sourceTree = "<group>";
		};
		OBJ_89 /* Enhancements */ = {
			isa = PBXGroup;
			children = (
				OBJ_90 /* Collection+Enhancments.swift */,
				OBJ_91 /* Data+Processing.swift */,
				OBJ_92 /* Date+Helpers.swift */,
				OBJ_93 /* DispatchQueue+Enhancements.swift */,
				OBJ_94 /* String+Enhancements.swift */,
				OBJ_95 /* URL+Enhancements.swift */,
			);
			path = Enhancements;
			sourceTree = "<group>";
		};
		OBJ_9 /* Controller */ = {
			isa = PBXGroup;
			children = (
				OBJ_10 /* Alert.swift */,
				OBJ_11 /* DataSourceType.swift */,
				OBJ_12 /* DatePickerViewController.swift */,
				OBJ_13 /* FormViewController.swift */,
				OBJ_14 /* KeyboardConstraintAdjuster.swift */,
				OBJ_15 /* KeyboardTracker.swift */,
				OBJ_16 /* LayeredTableViewController.swift */,
				OBJ_17 /* LimitedSizeViewController.swift */,
				OBJ_18 /* MenuViewController.swift */,
				OBJ_19 /* SelectListViewController.swift */,
				OBJ_20 /* TaskService.swift */,
				OBJ_21 /* UIBarButtonItem+BlockTarget.swift */,
				OBJ_22 /* UIButton+BlockTarget.swift */,
				OBJ_23 /* UICollectionView+EasyRegister.swift */,
				OBJ_24 /* UINavigationController+Helpers.swift */,
				OBJ_25 /* UITableView+EasyRegister.swift */,
				OBJ_26 /* UIViewController+Helpers.swift */,
				OBJ_27 /* UIViewController+PhotoViewing.swift */,
				OBJ_28 /* UIViewController+Transitions.swift */,
				OBJ_29 /* WebViewController.swift */,
				OBJ_30 /* ZoomThroughTransition.swift */,
			);
			path = Controller;
			sourceTree = "<group>";
		};
		OBJ_96 /* Errors */ = {
			isa = PBXGroup;
			children = (
				OBJ_97 /* AnySwiftlierError.swift */,
				OBJ_98 /* GenericSwiftlierError.swift */,
				OBJ_99 /* OperationBasedError.swift */,
				OBJ_100 /* OtherSwiftlierError.swift */,
				OBJ_101 /* SwiftlierError.swift */,
				OBJ_102 /* SwiftlierResult.swift */,
			);
			path = Errors;
			sourceTree = "<group>";
		};
/* End PBXGroup section */

/* Begin PBXNativeTarget section */
		"Swiftlier::SwiftPMPackageDescription" /* SwiftlierPackageDescription */ = {
			isa = PBXNativeTarget;
			buildConfigurationList = OBJ_233 /* Build configuration list for PBXNativeTarget "SwiftlierPackageDescription" */;
			buildPhases = (
				OBJ_236 /* Sources */,
			);
			buildRules = (
			);
			dependencies = (
			);
			name = SwiftlierPackageDescription;
			productName = SwiftlierPackageDescription;
			productType = "com.apple.product-type.framework";
		};
		"Swiftlier::Swiftlier" /* Swiftlier */ = {
			isa = PBXNativeTarget;
			buildConfigurationList = OBJ_165 /* Build configuration list for PBXNativeTarget "Swiftlier" */;
			buildPhases = (
				OBJ_168 /* Sources */,
				OBJ_231 /* Frameworks */,
			);
			buildRules = (
			);
			dependencies = (
			);
			name = Swiftlier;
			productName = Swiftlier;
			productReference = "Swiftlier::Swiftlier::Product" /* Swiftlier.framework */;
			productType = "com.apple.product-type.framework";
		};
		"SwiftlierUIKit::SwiftPMPackageDescription" /* SwiftlierUIKitPackageDescription */ = {
			isa = PBXNativeTarget;
			buildConfigurationList = OBJ_302 /* Build configuration list for PBXNativeTarget "SwiftlierUIKitPackageDescription" */;
			buildPhases = (
				OBJ_305 /* Sources */,
			);
			buildRules = (
			);
			dependencies = (
			);
			name = SwiftlierUIKitPackageDescription;
			productName = SwiftlierUIKitPackageDescription;
			productType = "com.apple.product-type.framework";
		};
		"SwiftlierUIKit::SwiftlierUIKit" /* SwiftlierUIKit */ = {
			isa = PBXNativeTarget;
			buildConfigurationList = OBJ_239 /* Build configuration list for PBXNativeTarget "SwiftlierUIKit" */;
			buildPhases = (
				OBJ_242 /* Sources */,
				OBJ_300 /* Frameworks */,
			);
			buildRules = (
			);
			dependencies = (
			);
			name = SwiftlierUIKit;
			productName = SwiftlierUIKit;
			productReference = "SwiftlierUIKit::SwiftlierUIKit::Product" /* SwiftlierUIKit.framework */;
			productType = "com.apple.product-type.framework";
		};
		"SwiftlierUIKit::SwiftlierUIKitTests" /* SwiftlierUIKitTests */ = {
			isa = PBXNativeTarget;
			buildConfigurationList = OBJ_313 /* Build configuration list for PBXNativeTarget "SwiftlierUIKitTests" */;
			buildPhases = (
				OBJ_316 /* Sources */,
				OBJ_324 /* Frameworks */,
			);
			buildRules = (
			);
			dependencies = (
				OBJ_326 /* PBXTargetDependency */,
			);
			name = SwiftlierUIKitTests;
			productName = SwiftlierUIKitTests;
			productReference = "SwiftlierUIKit::SwiftlierUIKitTests::Product" /* SwiftlierUIKitTests.xctest */;
			productType = "com.apple.product-type.bundle.unit-test";
		};
/* End PBXNativeTarget section */

/* Begin PBXProject section */
		OBJ_1 /* Project object */ = {
			isa = PBXProject;
			attributes = {
				LastSwiftMigration = 9999;
				LastUpgradeCheck = 9999;
			};
			buildConfigurationList = OBJ_2 /* Build configuration list for PBXProject "SwiftlierUIKit" */;
			compatibilityVersion = "Xcode 3.2";
			developmentRegion = English;
			hasScannedForEncodings = 0;
			knownRegions = (
				English,
				en,
			);
			mainGroup = OBJ_5 /*  */;
			productRefGroup = OBJ_156 /* Products */;
			projectDirPath = "";
			projectRoot = "";
			targets = (
				"Swiftlier::Swiftlier" /* Swiftlier */,
				"Swiftlier::SwiftPMPackageDescription" /* SwiftlierPackageDescription */,
				"SwiftlierUIKit::SwiftlierUIKit" /* SwiftlierUIKit */,
				"SwiftlierUIKit::SwiftPMPackageDescription" /* SwiftlierUIKitPackageDescription */,
				"SwiftlierUIKit::SwiftlierUIKitPackageTests::ProductTarget" /* SwiftlierUIKitPackageTests */,
				"SwiftlierUIKit::SwiftlierUIKitTests" /* SwiftlierUIKitTests */,
			);
		};
/* End PBXProject section */

/* Begin PBXSourcesBuildPhase section */
		OBJ_168 /* Sources */ = {
			isa = PBXSourcesBuildPhase;
			buildActionMask = 0;
			files = (
				OBJ_169 /* Coding+Helpers.swift in Sources */,
				OBJ_170 /* CodingKeys.swift in Sources */,
				OBJ_171 /* NativeTypesDecoder.swift in Sources */,
				OBJ_172 /* NativeTypesEncoder.swift in Sources */,
				OBJ_173 /* PercentEncodable.swift in Sources */,
				OBJ_174 /* SpecDecoder.swift in Sources */,
				OBJ_175 /* Collection+Enhancments.swift in Sources */,
				OBJ_176 /* Data+Processing.swift in Sources */,
				OBJ_177 /* Date+Helpers.swift in Sources */,
				OBJ_178 /* DispatchQueue+Enhancements.swift in Sources */,
				OBJ_179 /* String+Enhancements.swift in Sources */,
				OBJ_180 /* URL+Enhancements.swift in Sources */,
				OBJ_181 /* AnySwiftlierError.swift in Sources */,
				OBJ_182 /* GenericSwiftlierError.swift in Sources */,
				OBJ_183 /* OperationBasedError.swift in Sources */,
				OBJ_184 /* OtherSwiftlierError.swift in Sources */,
				OBJ_185 /* SwiftlierError.swift in Sources */,
				OBJ_186 /* SwiftlierResult.swift in Sources */,
				OBJ_187 /* FileSystem+iOSDirectories.swift in Sources */,
				OBJ_188 /* FileSystem.swift in Sources */,
				OBJ_189 /* Path+Coding.swift in Sources */,
				OBJ_190 /* Path.swift in Sources */,
				OBJ_191 /* PersistenceService.swift in Sources */,
				OBJ_192 /* ReferenceTypePersistenceService.swift in Sources */,
				OBJ_193 /* ValueTypePersistenceService.swift in Sources */,
				OBJ_194 /* Bool+Formatting.swift in Sources */,
				OBJ_195 /* Data+Base64.swift in Sources */,
				OBJ_196 /* Date+Formatting.swift in Sources */,
				OBJ_197 /* Double+Formatting.swift in Sources */,
				OBJ_198 /* HeartRateFormatter.swift in Sources */,
				OBJ_199 /* TimeInterval+Formatting.swift in Sources */,
				OBJ_200 /* BinarySearchTree.swift in Sources */,
				OBJ_201 /* LimitedQueue.swift in Sources */,
				OBJ_202 /* OrderedDictionary.swift in Sources */,
				OBJ_203 /* PatchyRange.swift in Sources */,
				OBJ_204 /* SelectableValue.swift in Sources */,
				OBJ_205 /* Syncable.swift in Sources */,
				OBJ_206 /* WeakWrapper.swift in Sources */,
				OBJ_207 /* EventCenter.swift in Sources */,
				OBJ_208 /* MultiCallback.swift in Sources */,
				OBJ_209 /* Observable.swift in Sources */,
				OBJ_210 /* ObservableArray.swift in Sources */,
				OBJ_211 /* ObservableDictionary.swift in Sources */,
				OBJ_212 /* ObservableReference.swift in Sources */,
				OBJ_213 /* JSON.swift in Sources */,
				OBJ_214 /* NativeTypesStructured.swift in Sources */,
				OBJ_215 /* Structured.swift in Sources */,
				OBJ_216 /* XML.swift in Sources */,
				OBJ_217 /* Age.swift in Sources */,
				OBJ_218 /* AlwaysEqual.swift in Sources */,
				OBJ_219 /* Angle.swift in Sources */,
				OBJ_220 /* Day.swift in Sources */,
				OBJ_221 /* EmailAddress.swift in Sources */,
				OBJ_222 /* HTML.swift in Sources */,
				OBJ_223 /* Mass.swift in Sources */,
				OBJ_224 /* Price.swift in Sources */,
				OBJ_225 /* UniquelyIdentifiable.swift in Sources */,
				OBJ_226 /* CSVStreamReader.swift in Sources */,
				OBJ_227 /* DelimiterStreamReader.swift in Sources */,
				OBJ_228 /* StreamReader.swift in Sources */,
				OBJ_229 /* Date+Testable.swift in Sources */,
				OBJ_230 /* URLSession+Testing.swift in Sources */,
			);
			runOnlyForDeploymentPostprocessing = 0;
		};
		OBJ_236 /* Sources */ = {
			isa = PBXSourcesBuildPhase;
			buildActionMask = 0;
			files = (
				OBJ_237 /* Package.swift in Sources */,
			);
			runOnlyForDeploymentPostprocessing = 0;
		};
		OBJ_242 /* Sources */ = {
			isa = PBXSourcesBuildPhase;
			buildActionMask = 0;
			files = (
				OBJ_243 /* Alert.swift in Sources */,
				OBJ_244 /* DataSourceType.swift in Sources */,
				OBJ_245 /* DatePickerViewController.swift in Sources */,
				OBJ_246 /* FormViewController.swift in Sources */,
				OBJ_247 /* KeyboardConstraintAdjuster.swift in Sources */,
				OBJ_248 /* KeyboardTracker.swift in Sources */,
				OBJ_249 /* LayeredTableViewController.swift in Sources */,
				OBJ_250 /* LimitedSizeViewController.swift in Sources */,
				OBJ_251 /* MenuViewController.swift in Sources */,
				OBJ_252 /* SelectListViewController.swift in Sources */,
				OBJ_253 /* TaskService.swift in Sources */,
				OBJ_254 /* UIBarButtonItem+BlockTarget.swift in Sources */,
				OBJ_255 /* UIButton+BlockTarget.swift in Sources */,
				OBJ_256 /* UICollectionView+EasyRegister.swift in Sources */,
				OBJ_257 /* UINavigationController+Helpers.swift in Sources */,
				OBJ_258 /* UITableView+EasyRegister.swift in Sources */,
				OBJ_259 /* UIViewController+Helpers.swift in Sources */,
				OBJ_260 /* UIViewController+PhotoViewing.swift in Sources */,
				OBJ_261 /* UIViewController+Transitions.swift in Sources */,
				OBJ_262 /* WebViewController.swift in Sources */,
				OBJ_263 /* ZoomThroughTransition.swift in Sources */,
				OBJ_264 /* Date+DispatchTime.swift in Sources */,
				OBJ_265 /* EnergyFormatting.swift in Sources */,
				OBJ_266 /* Float+Factory.swift in Sources */,
				OBJ_267 /* Form.swift in Sources */,
				OBJ_268 /* Menu.swift in Sources */,
				OBJ_269 /* ObfuscatedData.swift in Sources */,
				OBJ_270 /* ObservableArray+UI.swift in Sources */,
				OBJ_271 /* Path+Image.swift in Sources */,
				OBJ_272 /* Transformation.swift in Sources */,
				OBJ_273 /* UIColor+Encodable.swift in Sources */,
				OBJ_274 /* UIColor+Factory.swift in Sources */,
				OBJ_275 /* UIDevice+AppIdioms.swift in Sources */,
				OBJ_276 /* UIImage+Editing.swift in Sources */,
				OBJ_277 /* BubbleView.swift in Sources */,
				OBJ_278 /* CGContext+ThreadSafe.swift in Sources */,
				OBJ_279 /* CGMath.swift in Sources */,
				OBJ_280 /* CircleBorderView.swift in Sources */,
				OBJ_281 /* CustomGradientView.swift in Sources */,
				OBJ_282 /* DiagonalGradientView.swift in Sources */,
				OBJ_283 /* MonthAndYearPicker.swift in Sources */,
				OBJ_284 /* NSLayoutConstraint+SwifPlusPlus.swift in Sources */,
				OBJ_285 /* NSLayoutContraint+Factory.swift in Sources */,
				OBJ_286 /* PassThroughTouchView.swift in Sources */,
				OBJ_287 /* PlaceholderTextView.swift in Sources */,
				OBJ_288 /* RoundedBorderButton.swift in Sources */,
				OBJ_289 /* RoundedBorderView.swift in Sources */,
				OBJ_290 /* SectionHeaderWithButtonView.swift in Sources */,
				OBJ_291 /* ShadowView.swift in Sources */,
				OBJ_292 /* ThinLayoutConstraint.swift in Sources */,
				OBJ_293 /* UIView+Animations.swift in Sources */,
				OBJ_294 /* UIView+Constraints.swift in Sources */,
				OBJ_295 /* UIView+Drawing.swift in Sources */,
				OBJ_296 /* UIView+Helpers.swift in Sources */,
				OBJ_297 /* UIView+ImageCapture.swift in Sources */,
				OBJ_298 /* UIView+Layout.swift in Sources */,
				OBJ_299 /* VerticalGradientView.swift in Sources */,
			);
			runOnlyForDeploymentPostprocessing = 0;
		};
		OBJ_305 /* Sources */ = {
			isa = PBXSourcesBuildPhase;
			buildActionMask = 0;
			files = (
				OBJ_306 /* Package.swift in Sources */,
			);
			runOnlyForDeploymentPostprocessing = 0;
		};
		OBJ_316 /* Sources */ = {
			isa = PBXSourcesBuildPhase;
			buildActionMask = 0;
			files = (
				OBJ_317 /* AlertTests.swift in Sources */,
				OBJ_318 /* CGMathTests.swift in Sources */,
				OBJ_319 /* ColorTests.swift in Sources */,
				OBJ_320 /* DataSourceTypeTests.swift in Sources */,
				OBJ_321 /* ObfuscatedDataTests.swift in Sources */,
				OBJ_322 /* Path_ImageTests.swift in Sources */,
				OBJ_323 /* UIView_ConstraintsTests.swift in Sources */,
			);
			runOnlyForDeploymentPostprocessing = 0;
		};
/* End PBXSourcesBuildPhase section */

/* Begin PBXTargetDependency section */
		OBJ_311 /* PBXTargetDependency */ = {
			isa = PBXTargetDependency;
			target = "SwiftlierUIKit::SwiftlierUIKitTests" /* SwiftlierUIKitTests */;
			targetProxy = 499584732308E72F008CC429 /* PBXContainerItemProxy */;
		};
		OBJ_326 /* PBXTargetDependency */ = {
			isa = PBXTargetDependency;
			target = "Swiftlier::Swiftlier" /* Swiftlier */;
			targetProxy = 499584722308CC5F008CC429 /* PBXContainerItemProxy */;
		};
/* End PBXTargetDependency section */

/* Begin XCBuildConfiguration section */
		OBJ_166 /* Debug */ = {
			isa = XCBuildConfiguration;
			buildSettings = {
				ENABLE_TESTABILITY = YES;
				FRAMEWORK_SEARCH_PATHS = (
					"$(inherited)",
					"$(PLATFORM_DIR)/Developer/Library/Frameworks",
				);
				HEADER_SEARCH_PATHS = "$(inherited)";
				INFOPLIST_FILE = SwiftlierUIKit.xcodeproj/Swiftlier_Info.plist;
				IPHONEOS_DEPLOYMENT_TARGET = 8.0;
				LD_RUNPATH_SEARCH_PATHS = "$(inherited) $(TOOLCHAIN_DIR)/usr/lib/swift/macosx";
				MACOSX_DEPLOYMENT_TARGET = 10.11;
				OTHER_CFLAGS = "$(inherited)";
				OTHER_LDFLAGS = "$(inherited)";
				OTHER_SWIFT_FLAGS = "$(inherited)";
				PRODUCT_BUNDLE_IDENTIFIER = Swiftlier;
				PRODUCT_MODULE_NAME = "$(TARGET_NAME:c99extidentifier)";
				PRODUCT_NAME = "$(TARGET_NAME:c99extidentifier)";
				SKIP_INSTALL = YES;
				SWIFT_ACTIVE_COMPILATION_CONDITIONS = "$(inherited)";
				SWIFT_VERSION = 5.0;
				TARGET_NAME = Swiftlier;
				TVOS_DEPLOYMENT_TARGET = 9.0;
				WATCHOS_DEPLOYMENT_TARGET = 2.0;
			};
			name = Debug;
		};
		OBJ_167 /* Release */ = {
			isa = XCBuildConfiguration;
			buildSettings = {
				ENABLE_TESTABILITY = YES;
				FRAMEWORK_SEARCH_PATHS = (
					"$(inherited)",
					"$(PLATFORM_DIR)/Developer/Library/Frameworks",
				);
				HEADER_SEARCH_PATHS = "$(inherited)";
				INFOPLIST_FILE = SwiftlierUIKit.xcodeproj/Swiftlier_Info.plist;
				IPHONEOS_DEPLOYMENT_TARGET = 8.0;
				LD_RUNPATH_SEARCH_PATHS = "$(inherited) $(TOOLCHAIN_DIR)/usr/lib/swift/macosx";
				MACOSX_DEPLOYMENT_TARGET = 10.11;
				OTHER_CFLAGS = "$(inherited)";
				OTHER_LDFLAGS = "$(inherited)";
				OTHER_SWIFT_FLAGS = "$(inherited)";
				PRODUCT_BUNDLE_IDENTIFIER = Swiftlier;
				PRODUCT_MODULE_NAME = "$(TARGET_NAME:c99extidentifier)";
				PRODUCT_NAME = "$(TARGET_NAME:c99extidentifier)";
				SKIP_INSTALL = YES;
				SWIFT_ACTIVE_COMPILATION_CONDITIONS = "$(inherited)";
				SWIFT_VERSION = 5.0;
				TARGET_NAME = Swiftlier;
				TVOS_DEPLOYMENT_TARGET = 9.0;
				WATCHOS_DEPLOYMENT_TARGET = 2.0;
			};
			name = Release;
		};
		OBJ_234 /* Debug */ = {
			isa = XCBuildConfiguration;
			buildSettings = {
				LD = /usr/bin/true;
				OTHER_SWIFT_FLAGS = "-swift-version 5 -I $(TOOLCHAIN_DIR)/usr/lib/swift/pm/4_2 -target x86_64-apple-macosx10.10 -sdk /Applications/Xcode.app/Contents/Developer/Platforms/MacOSX.platform/Developer/SDKs/MacOSX10.14.sdk";
				SWIFT_VERSION = 5.0;
			};
			name = Debug;
		};
		OBJ_235 /* Release */ = {
			isa = XCBuildConfiguration;
			buildSettings = {
				LD = /usr/bin/true;
				OTHER_SWIFT_FLAGS = "-swift-version 5 -I $(TOOLCHAIN_DIR)/usr/lib/swift/pm/4_2 -target x86_64-apple-macosx10.10 -sdk /Applications/Xcode.app/Contents/Developer/Platforms/MacOSX.platform/Developer/SDKs/MacOSX10.14.sdk";
				SWIFT_VERSION = 5.0;
			};
			name = Release;
		};
		OBJ_240 /* Debug */ = {
			isa = XCBuildConfiguration;
			buildSettings = {
				ENABLE_TESTABILITY = YES;
				FRAMEWORK_SEARCH_PATHS = (
					"$(inherited)",
					"$(PLATFORM_DIR)/Developer/Library/Frameworks",
				);
				HEADER_SEARCH_PATHS = "$(inherited)";
				INFOPLIST_FILE = SwiftlierUIKit.xcodeproj/SwiftlierUIKit_Info.plist;
				IPHONEOS_DEPLOYMENT_TARGET = 8.0;
				LD_RUNPATH_SEARCH_PATHS = "$(inherited) $(TOOLCHAIN_DIR)/usr/lib/swift/macosx";
				MACOSX_DEPLOYMENT_TARGET = 10.10;
				OTHER_CFLAGS = "$(inherited)";
				OTHER_LDFLAGS = "$(inherited)";
				OTHER_SWIFT_FLAGS = "$(inherited)";
				PRODUCT_BUNDLE_IDENTIFIER = SwiftlierUIKit;
				PRODUCT_MODULE_NAME = "$(TARGET_NAME:c99extidentifier)";
				PRODUCT_NAME = "$(TARGET_NAME:c99extidentifier)";
				SKIP_INSTALL = YES;
				SWIFT_ACTIVE_COMPILATION_CONDITIONS = "$(inherited)";
				SWIFT_VERSION = 5.0;
				TARGET_NAME = SwiftlierUIKit;
				TVOS_DEPLOYMENT_TARGET = 9.0;
				WATCHOS_DEPLOYMENT_TARGET = 2.0;
			};
			name = Debug;
		};
		OBJ_241 /* Release */ = {
			isa = XCBuildConfiguration;
			buildSettings = {
				ENABLE_TESTABILITY = YES;
				FRAMEWORK_SEARCH_PATHS = (
					"$(inherited)",
					"$(PLATFORM_DIR)/Developer/Library/Frameworks",
				);
				HEADER_SEARCH_PATHS = "$(inherited)";
				INFOPLIST_FILE = SwiftlierUIKit.xcodeproj/SwiftlierUIKit_Info.plist;
				IPHONEOS_DEPLOYMENT_TARGET = 8.0;
				LD_RUNPATH_SEARCH_PATHS = "$(inherited) $(TOOLCHAIN_DIR)/usr/lib/swift/macosx";
				MACOSX_DEPLOYMENT_TARGET = 10.10;
				OTHER_CFLAGS = "$(inherited)";
				OTHER_LDFLAGS = "$(inherited)";
				OTHER_SWIFT_FLAGS = "$(inherited)";
				PRODUCT_BUNDLE_IDENTIFIER = SwiftlierUIKit;
				PRODUCT_MODULE_NAME = "$(TARGET_NAME:c99extidentifier)";
				PRODUCT_NAME = "$(TARGET_NAME:c99extidentifier)";
				SKIP_INSTALL = YES;
				SWIFT_ACTIVE_COMPILATION_CONDITIONS = "$(inherited)";
				SWIFT_VERSION = 5.0;
				TARGET_NAME = SwiftlierUIKit;
				TVOS_DEPLOYMENT_TARGET = 9.0;
				WATCHOS_DEPLOYMENT_TARGET = 2.0;
			};
			name = Release;
		};
		OBJ_3 /* Debug */ = {
			isa = XCBuildConfiguration;
			buildSettings = {
				CLANG_ENABLE_OBJC_ARC = YES;
				COMBINE_HIDPI_IMAGES = YES;
				COPY_PHASE_STRIP = NO;
				CURRENT_PROJECT_VERSION = 5;
				DEBUG_INFORMATION_FORMAT = dwarf;
				DYLIB_INSTALL_NAME_BASE = "@rpath";
				ENABLE_NS_ASSERTIONS = YES;
				GCC_OPTIMIZATION_LEVEL = 0;
				GCC_PREPROCESSOR_DEFINITIONS = (
					"$(inherited)",
					"SWIFT_PACKAGE=1",
					"DEBUG=1",
				);
				MACOSX_DEPLOYMENT_TARGET = 10.10;
				ONLY_ACTIVE_ARCH = YES;
				OTHER_SWIFT_FLAGS = "-DXcode";
				PRODUCT_NAME = "$(TARGET_NAME)";
				SDKROOT = macosx;
				SUPPORTED_PLATFORMS = "macosx iphoneos iphonesimulator appletvos appletvsimulator watchos watchsimulator";
				SWIFT_ACTIVE_COMPILATION_CONDITIONS = "$(inherited) SWIFT_PACKAGE DEBUG";
				SWIFT_OPTIMIZATION_LEVEL = "-Onone";
				USE_HEADERMAP = NO;
			};
			name = Debug;
		};
		OBJ_303 /* Debug */ = {
			isa = XCBuildConfiguration;
			buildSettings = {
				LD = /usr/bin/true;
				OTHER_SWIFT_FLAGS = "-swift-version 5 -I $(TOOLCHAIN_DIR)/usr/lib/swift/pm/4_2 -target x86_64-apple-macosx10.10 -sdk /Applications/Xcode.app/Contents/Developer/Platforms/MacOSX.platform/Developer/SDKs/MacOSX10.14.sdk";
				SWIFT_VERSION = 5.0;
			};
			name = Debug;
		};
		OBJ_304 /* Release */ = {
			isa = XCBuildConfiguration;
			buildSettings = {
				LD = /usr/bin/true;
				OTHER_SWIFT_FLAGS = "-swift-version 5 -I $(TOOLCHAIN_DIR)/usr/lib/swift/pm/4_2 -target x86_64-apple-macosx10.10 -sdk /Applications/Xcode.app/Contents/Developer/Platforms/MacOSX.platform/Developer/SDKs/MacOSX10.14.sdk";
				SWIFT_VERSION = 5.0;
			};
			name = Release;
		};
		OBJ_309 /* Debug */ = {
			isa = XCBuildConfiguration;
			buildSettings = {
			};
			name = Debug;
		};
		OBJ_310 /* Release */ = {
			isa = XCBuildConfiguration;
			buildSettings = {
			};
			name = Release;
		};
		OBJ_314 /* Debug */ = {
			isa = XCBuildConfiguration;
			buildSettings = {
				CLANG_ENABLE_MODULES = YES;
				EMBEDDED_CONTENT_CONTAINS_SWIFT = YES;
				FRAMEWORK_SEARCH_PATHS = (
					"$(inherited)",
					"$(PLATFORM_DIR)/Developer/Library/Frameworks",
				);
				HEADER_SEARCH_PATHS = "$(inherited)";
				INFOPLIST_FILE = SwiftlierUIKit.xcodeproj/SwiftlierUIKitTests_Info.plist;
				IPHONEOS_DEPLOYMENT_TARGET = 8.0;
				LD_RUNPATH_SEARCH_PATHS = "$(inherited) @loader_path/../Frameworks @loader_path/Frameworks";
				MACOSX_DEPLOYMENT_TARGET = 10.10;
				OTHER_CFLAGS = "$(inherited)";
				OTHER_LDFLAGS = "$(inherited)";
				OTHER_SWIFT_FLAGS = "$(inherited)";
				SWIFT_ACTIVE_COMPILATION_CONDITIONS = "$(inherited)";
				SWIFT_VERSION = 5.0;
				TARGET_NAME = SwiftlierUIKitTests;
				TVOS_DEPLOYMENT_TARGET = 9.0;
				WATCHOS_DEPLOYMENT_TARGET = 2.0;
			};
			name = Debug;
		};
		OBJ_315 /* Release */ = {
			isa = XCBuildConfiguration;
			buildSettings = {
				CLANG_ENABLE_MODULES = YES;
				EMBEDDED_CONTENT_CONTAINS_SWIFT = YES;
				FRAMEWORK_SEARCH_PATHS = (
					"$(inherited)",
					"$(PLATFORM_DIR)/Developer/Library/Frameworks",
				);
				HEADER_SEARCH_PATHS = "$(inherited)";
				INFOPLIST_FILE = SwiftlierUIKit.xcodeproj/SwiftlierUIKitTests_Info.plist;
				IPHONEOS_DEPLOYMENT_TARGET = 8.0;
				LD_RUNPATH_SEARCH_PATHS = "$(inherited) @loader_path/../Frameworks @loader_path/Frameworks";
				MACOSX_DEPLOYMENT_TARGET = 10.10;
				OTHER_CFLAGS = "$(inherited)";
				OTHER_LDFLAGS = "$(inherited)";
				OTHER_SWIFT_FLAGS = "$(inherited)";
				SWIFT_ACTIVE_COMPILATION_CONDITIONS = "$(inherited)";
				SWIFT_VERSION = 5.0;
				TARGET_NAME = SwiftlierUIKitTests;
				TVOS_DEPLOYMENT_TARGET = 9.0;
				WATCHOS_DEPLOYMENT_TARGET = 2.0;
			};
			name = Release;
		};
		OBJ_4 /* Release */ = {
			isa = XCBuildConfiguration;
			buildSettings = {
				CLANG_ENABLE_OBJC_ARC = YES;
				COMBINE_HIDPI_IMAGES = YES;
				COPY_PHASE_STRIP = YES;
				CURRENT_PROJECT_VERSION = 5;
				DEBUG_INFORMATION_FORMAT = "dwarf-with-dsym";
				DYLIB_INSTALL_NAME_BASE = "@rpath";
				GCC_OPTIMIZATION_LEVEL = s;
				GCC_PREPROCESSOR_DEFINITIONS = (
					"$(inherited)",
					"SWIFT_PACKAGE=1",
				);
				MACOSX_DEPLOYMENT_TARGET = 10.10;
				OTHER_SWIFT_FLAGS = "-DXcode";
				PRODUCT_NAME = "$(TARGET_NAME)";
				SDKROOT = macosx;
				SUPPORTED_PLATFORMS = "macosx iphoneos iphonesimulator appletvos appletvsimulator watchos watchsimulator";
				SWIFT_ACTIVE_COMPILATION_CONDITIONS = "$(inherited) SWIFT_PACKAGE";
				SWIFT_OPTIMIZATION_LEVEL = "-Owholemodule";
				USE_HEADERMAP = NO;
			};
			name = Release;
		};
/* End XCBuildConfiguration section */

/* Begin XCConfigurationList section */
		OBJ_165 /* Build configuration list for PBXNativeTarget "Swiftlier" */ = {
			isa = XCConfigurationList;
			buildConfigurations = (
				OBJ_166 /* Debug */,
				OBJ_167 /* Release */,
			);
			defaultConfigurationIsVisible = 0;
			defaultConfigurationName = Release;
		};
		OBJ_2 /* Build configuration list for PBXProject "SwiftlierUIKit" */ = {
			isa = XCConfigurationList;
			buildConfigurations = (
				OBJ_3 /* Debug */,
				OBJ_4 /* Release */,
			);
			defaultConfigurationIsVisible = 0;
			defaultConfigurationName = Release;
		};
		OBJ_233 /* Build configuration list for PBXNativeTarget "SwiftlierPackageDescription" */ = {
			isa = XCConfigurationList;
			buildConfigurations = (
				OBJ_234 /* Debug */,
				OBJ_235 /* Release */,
			);
			defaultConfigurationIsVisible = 0;
			defaultConfigurationName = Release;
		};
		OBJ_239 /* Build configuration list for PBXNativeTarget "SwiftlierUIKit" */ = {
			isa = XCConfigurationList;
			buildConfigurations = (
				OBJ_240 /* Debug */,
				OBJ_241 /* Release */,
			);
			defaultConfigurationIsVisible = 0;
			defaultConfigurationName = Release;
		};
		OBJ_302 /* Build configuration list for PBXNativeTarget "SwiftlierUIKitPackageDescription" */ = {
			isa = XCConfigurationList;
			buildConfigurations = (
				OBJ_303 /* Debug */,
				OBJ_304 /* Release */,
			);
			defaultConfigurationIsVisible = 0;
			defaultConfigurationName = Release;
		};
		OBJ_308 /* Build configuration list for PBXAggregateTarget "SwiftlierUIKitPackageTests" */ = {
			isa = XCConfigurationList;
			buildConfigurations = (
				OBJ_309 /* Debug */,
				OBJ_310 /* Release */,
			);
			defaultConfigurationIsVisible = 0;
			defaultConfigurationName = Release;
		};
		OBJ_313 /* Build configuration list for PBXNativeTarget "SwiftlierUIKitTests" */ = {
			isa = XCConfigurationList;
			buildConfigurations = (
				OBJ_314 /* Debug */,
				OBJ_315 /* Release */,
			);
			defaultConfigurationIsVisible = 0;
			defaultConfigurationName = Release;
		};
/* End XCConfigurationList section */
	};
	rootObject = OBJ_1 /* Project object */;
}
